
Microsoft Visual Studio Solution File, Format Version 12.00
# Visual Studio Version 16
VisualStudioVersion = 16.0.30517.126
MinimumVisualStudioVersion = 10.0.40219.1
Project("{FAE04EC0-301F-11D3-BF4B-00C04F79EFBC}") = "AdvancedCalculator", "AdvancedCalculator\AdvancedCalculator.csproj", "{FE2DD86B-80E2-41B1-95B8-65D4D2A19DAA}"
EndProject
Global
	GlobalSection(SolutionConfigurationPlatforms) = preSolution
		Debug|Any CPU = Debug|Any CPU
		Release|Any CPU = Release|Any CPU
	EndGlobalSection
	GlobalSection(ProjectConfigurationPlatforms) = postSolution
		{FE2DD86B-80E2-41B1-95B8-65D4D2A19DAA}.Debug|Any CPU.ActiveCfg = Debug|Any CPU
		{FE2DD86B-80E2-41B1-95B8-65D4D2A19DAA}.Debug|Any CPU.Build.0 = Debug|Any CPU
		{FE2DD86B-80E2-41B1-95B8-65D4D2A19DAA}.Release|Any CPU.ActiveCfg = Release|Any CPU
		{FE2DD86B-80E2-41B1-95B8-65D4D2A19DAA}.Release|Any CPU.Build.0 = Release|Any CPU
	EndGlobalSection
	GlobalSection(SolutionProperties) = preSolution
		HideSolutionNode = FALSE
	EndGlobalSection
	GlobalSection(ExtensibilityGlobals) = postSolution
		SolutionGuid = {2FA7F2FC-D24C-4035-85BF-08D82B3F7114}
	EndGlobalSection
EndGlobal
